// !$*UTF8*$!
{
	archiveVersion = 1;
	classes = {
	};
	objectVersion = 46;
	objects = {

/* Begin PBXBuildFile section */
		4F8B67671C77D8EC000E0DC5 /* Vaquita.h in Headers */ = {isa = PBXBuildFile; fileRef = 4F8B67661C77D8EC000E0DC5 /* Vaquita.h */; settings = {ATTRIBUTES = (Public, ); }; };
		4F8B676E1C77D8EC000E0DC5 /* Vaquita.framework in Frameworks */ = {isa = PBXBuildFile; fileRef = 4F8B67631C77D8EC000E0DC5 /* Vaquita.framework */; };
		4F8B67731C77D8EC000E0DC5 /* VaquitaTests.swift in Sources */ = {isa = PBXBuildFile; fileRef = 4F8B67721C77D8EC000E0DC5 /* VaquitaTests.swift */; };
		4F8B67811C77D900000E0DC5 /* Data.swift in Sources */ = {isa = PBXBuildFile; fileRef = 4F8B677E1C77D900000E0DC5 /* Data.swift */; };
		4F8B67831C77D900000E0DC5 /* Vaquita.swift in Sources */ = {isa = PBXBuildFile; fileRef = 4F8B67801C77D900000E0DC5 /* Vaquita.swift */; };
/* End PBXBuildFile section */

/* Begin PBXContainerItemProxy section */
		4F8B676F1C77D8EC000E0DC5 /* PBXContainerItemProxy */ = {
			isa = PBXContainerItemProxy;
			containerPortal = 4F8B675A1C77D8EC000E0DC5 /* Project object */;
			proxyType = 1;
			remoteGlobalIDString = 4F8B67621C77D8EC000E0DC5;
			remoteInfo = Vaquita;
		};
/* End PBXContainerItemProxy section */

/* Begin PBXFileReference section */
		4F8B67631C77D8EC000E0DC5 /* Vaquita.framework */ = {isa = PBXFileReference; explicitFileType = wrapper.framework; includeInIndex = 0; path = Vaquita.framework; sourceTree = BUILT_PRODUCTS_DIR; };
		4F8B67661C77D8EC000E0DC5 /* Vaquita.h */ = {isa = PBXFileReference; lastKnownFileType = sourcecode.c.h; path = Vaquita.h; sourceTree = "<group>"; };
		4F8B67681C77D8EC000E0DC5 /* Info.plist */ = {isa = PBXFileReference; lastKnownFileType = text.plist.xml; path = Info.plist; sourceTree = "<group>"; };
		4F8B676D1C77D8EC000E0DC5 /* VaquitaTests.xctest */ = {isa = PBXFileReference; explicitFileType = wrapper.cfbundle; includeInIndex = 0; path = VaquitaTests.xctest; sourceTree = BUILT_PRODUCTS_DIR; };
		4F8B67721C77D8EC000E0DC5 /* VaquitaTests.swift */ = {isa = PBXFileReference; lastKnownFileType = sourcecode.swift; path = VaquitaTests.swift; sourceTree = "<group>"; };
		4F8B67741C77D8EC000E0DC5 /* Info.plist */ = {isa = PBXFileReference; lastKnownFileType = text.plist.xml; path = Info.plist; sourceTree = "<group>"; };
		4F8B677E1C77D900000E0DC5 /* Data.swift */ = {isa = PBXFileReference; fileEncoding = 4; lastKnownFileType = sourcecode.swift; path = Data.swift; sourceTree = "<group>"; };
		4F8B677F1C77D900000E0DC5 /* main.swift */ = {isa = PBXFileReference; fileEncoding = 4; lastKnownFileType = sourcecode.swift; path = main.swift; sourceTree = "<group>"; };
		4F8B67801C77D900000E0DC5 /* Vaquita.swift */ = {isa = PBXFileReference; fileEncoding = 4; lastKnownFileType = sourcecode.swift; path = Vaquita.swift; sourceTree = "<group>"; };
/* End PBXFileReference section */

/* Begin PBXFrameworksBuildPhase section */
		4F8B675F1C77D8EC000E0DC5 /* Frameworks */ = {
			isa = PBXFrameworksBuildPhase;
			buildActionMask = 2147483647;
			files = (
			);
			runOnlyForDeploymentPostprocessing = 0;
		};
		4F8B676A1C77D8EC000E0DC5 /* Frameworks */ = {
			isa = PBXFrameworksBuildPhase;
			buildActionMask = 2147483647;
			files = (
				4F8B676E1C77D8EC000E0DC5 /* Vaquita.framework in Frameworks */,
			);
			runOnlyForDeploymentPostprocessing = 0;
		};
/* End PBXFrameworksBuildPhase section */

/* Begin PBXGroup section */
		4F8B67591C77D8EC000E0DC5 = {
			isa = PBXGroup;
			children = (
				4F8B67651C77D8EC000E0DC5 /* Vaquita */,
				4F8B67711C77D8EC000E0DC5 /* VaquitaTests */,
				4F8B67641C77D8EC000E0DC5 /* Products */,
				4F8B677D1C77D900000E0DC5 /* Sources */,
			);
			sourceTree = "<group>";
		};
		4F8B67641C77D8EC000E0DC5 /* Products */ = {
			isa = PBXGroup;
			children = (
				4F8B67631C77D8EC000E0DC5 /* Vaquita.framework */,
				4F8B676D1C77D8EC000E0DC5 /* VaquitaTests.xctest */,
			);
			name = Products;
			sourceTree = "<group>";
		};
		4F8B67651C77D8EC000E0DC5 /* Vaquita */ = {
			isa = PBXGroup;
			children = (
				4F8B67661C77D8EC000E0DC5 /* Vaquita.h */,
				4F8B67681C77D8EC000E0DC5 /* Info.plist */,
			);
			path = Vaquita;
			sourceTree = "<group>";
		};
		4F8B67711C77D8EC000E0DC5 /* VaquitaTests */ = {
			isa = PBXGroup;
			children = (
				4F8B67721C77D8EC000E0DC5 /* VaquitaTests.swift */,
				4F8B67741C77D8EC000E0DC5 /* Info.plist */,
			);
			path = VaquitaTests;
			sourceTree = "<group>";
		};
		4F8B677D1C77D900000E0DC5 /* Sources */ = {
			isa = PBXGroup;
			children = (
				4F8B677E1C77D900000E0DC5 /* Data.swift */,
				4F8B677F1C77D900000E0DC5 /* main.swift */,
				4F8B67801C77D900000E0DC5 /* Vaquita.swift */,
			);
			name = Sources;
			path = ../../Sources;
			sourceTree = "<group>";
		};
/* End PBXGroup section */

/* Begin PBXHeadersBuildPhase section */
		4F8B67601C77D8EC000E0DC5 /* Headers */ = {
			isa = PBXHeadersBuildPhase;
			buildActionMask = 2147483647;
			files = (
				4F8B67671C77D8EC000E0DC5 /* Vaquita.h in Headers */,
			);
			runOnlyForDeploymentPostprocessing = 0;
		};
/* End PBXHeadersBuildPhase section */

/* Begin PBXNativeTarget section */
		4F8B67621C77D8EC000E0DC5 /* Vaquita */ = {
			isa = PBXNativeTarget;
			buildConfigurationList = 4F8B67771C77D8EC000E0DC5 /* Build configuration list for PBXNativeTarget "Vaquita" */;
			buildPhases = (
				4F8B675E1C77D8EC000E0DC5 /* Sources */,
				4F8B675F1C77D8EC000E0DC5 /* Frameworks */,
				4F8B67601C77D8EC000E0DC5 /* Headers */,
				4F8B67611C77D8EC000E0DC5 /* Resources */,
			);
			buildRules = (
			);
			dependencies = (
			);
			name = Vaquita;
			productName = Vaquita;
			productReference = 4F8B67631C77D8EC000E0DC5 /* Vaquita.framework */;
			productType = "com.apple.product-type.framework";
		};
		4F8B676C1C77D8EC000E0DC5 /* VaquitaTests */ = {
			isa = PBXNativeTarget;
			buildConfigurationList = 4F8B677A1C77D8EC000E0DC5 /* Build configuration list for PBXNativeTarget "VaquitaTests" */;
			buildPhases = (
				4F8B67691C77D8EC000E0DC5 /* Sources */,
				4F8B676A1C77D8EC000E0DC5 /* Frameworks */,
				4F8B676B1C77D8EC000E0DC5 /* Resources */,
			);
			buildRules = (
			);
			dependencies = (
				4F8B67701C77D8EC000E0DC5 /* PBXTargetDependency */,
			);
			name = VaquitaTests;
			productName = VaquitaTests;
			productReference = 4F8B676D1C77D8EC000E0DC5 /* VaquitaTests.xctest */;
			productType = "com.apple.product-type.bundle.unit-test";
		};
/* End PBXNativeTarget section */

/* Begin PBXProject section */
		4F8B675A1C77D8EC000E0DC5 /* Project object */ = {
			isa = PBXProject;
			attributes = {
				LastSwiftUpdateCheck = 0730;
				LastUpgradeCheck = 0730;
				ORGANIZATIONNAME = "Elliott Minns";
				TargetAttributes = {
					4F8B67621C77D8EC000E0DC5 = {
						CreatedOnToolsVersion = 7.3;
					};
					4F8B676C1C77D8EC000E0DC5 = {
						CreatedOnToolsVersion = 7.3;
					};
				};
			};
			buildConfigurationList = 4F8B675D1C77D8EC000E0DC5 /* Build configuration list for PBXProject "Vaquita" */;
			compatibilityVersion = "Xcode 3.2";
			developmentRegion = English;
			hasScannedForEncodings = 0;
			knownRegions = (
				en,
			);
			mainGroup = 4F8B67591C77D8EC000E0DC5;
			productRefGroup = 4F8B67641C77D8EC000E0DC5 /* Products */;
			projectDirPath = "";
			projectRoot = "";
			targets = (
				4F8B67621C77D8EC000E0DC5 /* Vaquita */,
				4F8B676C1C77D8EC000E0DC5 /* VaquitaTests */,
			);
		};
/* End PBXProject section */

/* Begin PBXResourcesBuildPhase section */
		4F8B67611C77D8EC000E0DC5 /* Resources */ = {
			isa = PBXResourcesBuildPhase;
			buildActionMask = 2147483647;
			files = (
			);
			runOnlyForDeploymentPostprocessing = 0;
		};
		4F8B676B1C77D8EC000E0DC5 /* Resources */ = {
			isa = PBXResourcesBuildPhase;
			buildActionMask = 2147483647;
			files = (
			);
			runOnlyForDeploymentPostprocessing = 0;
		};
/* End PBXResourcesBuildPhase section */

/* Begin PBXSourcesBuildPhase section */
		4F8B675E1C77D8EC000E0DC5 /* Sources */ = {
			isa = PBXSourcesBuildPhase;
			buildActionMask = 2147483647;
			files = (
				4F8B67811C77D900000E0DC5 /* Data.swift in Sources */,
				4F8B67831C77D900000E0DC5 /* Vaquita.swift in Sources */,
			);
			runOnlyForDeploymentPostprocessing = 0;
		};
		4F8B67691C77D8EC000E0DC5 /* Sources */ = {
			isa = PBXSourcesBuildPhase;
			buildActionMask = 2147483647;
			files = (
				4F8B67731C77D8EC000E0DC5 /* VaquitaTests.swift in Sources */,
			);
			runOnlyForDeploymentPostprocessing = 0;
		};
/* End PBXSourcesBuildPhase section */

/* Begin PBXTargetDependency section */
		4F8B67701C77D8EC000E0DC5 /* PBXTargetDependency */ = {
			isa = PBXTargetDependency;
			target = 4F8B67621C77D8EC000E0DC5 /* Vaquita */;
			targetProxy = 4F8B676F1C77D8EC000E0DC5 /* PBXContainerItemProxy */;
		};
/* End PBXTargetDependency section */

/* Begin XCBuildConfiguration section */
		4F8B67751C77D8EC000E0DC5 /* Debug */ = {
			isa = XCBuildConfiguration;
			buildSettings = {
				ALWAYS_SEARCH_USER_PATHS = NO;
				CLANG_ANALYZER_NONNULL = YES;
				CLANG_CXX_LANGUAGE_STANDARD = "gnu++0x";
				CLANG_CXX_LIBRARY = "libc++";
				CLANG_ENABLE_MODULES = YES;
				CLANG_ENABLE_OBJC_ARC = YES;
				CLANG_WARN_BOOL_CONVERSION = YES;
				CLANG_WARN_CONSTANT_CONVERSION = YES;
				CLANG_WARN_DIRECT_OBJC_ISA_USAGE = YES_ERROR;
				CLANG_WARN_EMPTY_BODY = YES;
				CLANG_WARN_ENUM_CONVERSION = YES;
				CLANG_WARN_INT_CONVERSION = YES;
				CLANG_WARN_OBJC_ROOT_CLASS = YES_ERROR;
				CLANG_WARN_UNREACHABLE_CODE = YES;
				CLANG_WARN__DUPLICATE_METHOD_MATCH = YES;
				CODE_SIGN_IDENTITY = "-";
				COPY_PHASE_STRIP = NO;
				CURRENT_PROJECT_VERSION = 1;
				DEBUG_INFORMATION_FORMAT = dwarf;
				ENABLE_STRICT_OBJC_MSGSEND = YES;
				ENABLE_TESTABILITY = YES;
				GCC_C_LANGUAGE_STANDARD = gnu99;
				GCC_DYNAMIC_NO_PIC = NO;
				GCC_NO_COMMON_BLOCKS = YES;
				GCC_OPTIMIZATION_LEVEL = 0;
				GCC_PREPROCESSOR_DEFINITIONS = (
					"DEBUG=1",
					"$(inherited)",
				);
				GCC_WARN_64_TO_32_BIT_CONVERSION = YES;
				GCC_WARN_ABOUT_RETURN_TYPE = YES_ERROR;
				GCC_WARN_UNDECLARED_SELECTOR = YES;
				GCC_WARN_UNINITIALIZED_AUTOS = YES_AGGRESSIVE;
				GCC_WARN_UNUSED_FUNCTION = YES;
				GCC_WARN_UNUSED_VARIABLE = YES;
				MACOSX_DEPLOYMENT_TARGET = 10.11;
				MTL_ENABLE_DEBUG_INFO = YES;
				ONLY_ACTIVE_ARCH = YES;
				SDKROOT = macosx;
				SWIFT_OPTIMIZATION_LEVEL = "-Onone";
				VERSIONING_SYSTEM = "apple-generic";
				VERSION_INFO_PREFIX = "";
			};
			name = Debug;
		};
		4F8B67761C77D8EC000E0DC5 /* Release */ = {
			isa = XCBuildConfiguration;
			buildSettings = {
				ALWAYS_SEARCH_USER_PATHS = NO;
				CLANG_ANALYZER_NONNULL = YES;
				CLANG_CXX_LANGUAGE_STANDARD = "gnu++0x";
				CLANG_CXX_LIBRARY = "libc++";
				CLANG_ENABLE_MODULES = YES;
				CLANG_ENABLE_OBJC_ARC = YES;
				CLANG_WARN_BOOL_CONVERSION = YES;
				CLANG_WARN_CONSTANT_CONVERSION = YES;
				CLANG_WARN_DIRECT_OBJC_ISA_USAGE = YES_ERROR;
				CLANG_WARN_EMPTY_BODY = YES;
				CLANG_WARN_ENUM_CONVERSION = YES;
				CLANG_WARN_INT_CONVERSION = YES;
				CLANG_WARN_OBJC_ROOT_CLASS = YES_ERROR;
				CLANG_WARN_UNREACHABLE_CODE = YES;
				CLANG_WARN__DUPLICATE_METHOD_MATCH = YES;
				CODE_SIGN_IDENTITY = "-";
				COPY_PHASE_STRIP = NO;
				CURRENT_PROJECT_VERSION = 1;
				DEBUG_INFORMATION_FORMAT = "dwarf-with-dsym";
				ENABLE_NS_ASSERTIONS = NO;
				ENABLE_STRICT_OBJC_MSGSEND = YES;
				GCC_C_LANGUAGE_STANDARD = gnu99;
				GCC_NO_COMMON_BLOCKS = YES;
				GCC_WARN_64_TO_32_BIT_CONVERSION = YES;
				GCC_WARN_ABOUT_RETURN_TYPE = YES_ERROR;
				GCC_WARN_UNDECLARED_SELECTOR = YES;
				GCC_WARN_UNINITIALIZED_AUTOS = YES_AGGRESSIVE;
				GCC_WARN_UNUSED_FUNCTION = YES;
				GCC_WARN_UNUSED_VARIABLE = YES;
				MACOSX_DEPLOYMENT_TARGET = 10.11;
				MTL_ENABLE_DEBUG_INFO = NO;
				SDKROOT = macosx;
				VERSIONING_SYSTEM = "apple-generic";
				VERSION_INFO_PREFIX = "";
			};
			name = Release;
		};
		4F8B67781C77D8EC000E0DC5 /* Debug */ = {
			isa = XCBuildConfiguration;
			buildSettings = {
				COMBINE_HIDPI_IMAGES = YES;
				DEFINES_MODULE = YES;
				DYLIB_COMPATIBILITY_VERSION = 1;
				DYLIB_CURRENT_VERSION = 1;
				DYLIB_INSTALL_NAME_BASE = "@rpath";
				FRAMEWORK_VERSION = A;
				INFOPLIST_FILE = Vaquita/Info.plist;
				INSTALL_PATH = "$(LOCAL_LIBRARY_DIR)/Frameworks";
				LD_RUNPATH_SEARCH_PATHS = "$(inherited) @executable_path/../Frameworks @loader_path/Frameworks";
				MACOSX_DEPLOYMENT_TARGET = 10.9;
				PRODUCT_BUNDLE_IDENTIFIER = com.elliottminns.Vaquita;
				PRODUCT_NAME = "$(TARGET_NAME)";
				SKIP_INSTALL = YES;
			};
			name = Debug;
		};
		4F8B67791C77D8EC000E0DC5 /* Release */ = {
			isa = XCBuildConfiguration;
			buildSettings = {
				COMBINE_HIDPI_IMAGES = YES;
				DEFINES_MODULE = YES;
				DYLIB_COMPATIBILITY_VERSION = 1;
				DYLIB_CURRENT_VERSION = 1;
				DYLIB_INSTALL_NAME_BASE = "@rpath";
				FRAMEWORK_VERSION = A;
				INFOPLIST_FILE = Vaquita/Info.plist;
				INSTALL_PATH = "$(LOCAL_LIBRARY_DIR)/Frameworks";
				LD_RUNPATH_SEARCH_PATHS = "$(inherited) @executable_path/../Frameworks @loader_path/Frameworks";
				MACOSX_DEPLOYMENT_TARGET = 10.9;
				PRODUCT_BUNDLE_IDENTIFIER = com.elliottminns.Vaquita;
				PRODUCT_NAME = "$(TARGET_NAME)";
				SKIP_INSTALL = YES;
			};
			name = Release;
		};
		4F8B677B1C77D8EC000E0DC5 /* Debug */ = {
			isa = XCBuildConfiguration;
			buildSettings = {
				COMBINE_HIDPI_IMAGES = YES;
				INFOPLIST_FILE = VaquitaTests/Info.plist;
				LD_RUNPATH_SEARCH_PATHS = "$(inherited) @executable_path/../Frameworks @loader_path/../Frameworks";
				PRODUCT_BUNDLE_IDENTIFIER = com.elliottminns.VaquitaTests;
				PRODUCT_NAME = "$(TARGET_NAME)";
			};
			name = Debug;
		};
		4F8B677C1C77D8EC000E0DC5 /* Release */ = {
			isa = XCBuildConfiguration;
			buildSettings = {
				COMBINE_HIDPI_IMAGES = YES;
				INFOPLIST_FILE = VaquitaTests/Info.plist;
				LD_RUNPATH_SEARCH_PATHS = "$(inherited) @executable_path/../Frameworks @loader_path/../Frameworks";
				PRODUCT_BUNDLE_IDENTIFIER = com.elliottminns.VaquitaTests;
				PRODUCT_NAME = "$(TARGET_NAME)";
			};
			name = Release;
		};
/* End XCBuildConfiguration section */

/* Begin XCConfigurationList section */
		4F8B675D1C77D8EC000E0DC5 /* Build configuration list for PBXProject "Vaquita" */ = {
			isa = XCConfigurationList;
			buildConfigurations = (
				4F8B67751C77D8EC000E0DC5 /* Debug */,
				4F8B67761C77D8EC000E0DC5 /* Release */,
			);
			defaultConfigurationIsVisible = 0;
			defaultConfigurationName = Release;
		};
		4F8B67771C77D8EC000E0DC5 /* Build configuration list for PBXNativeTarget "Vaquita" */ = {
			isa = XCConfigurationList;
			buildConfigurations = (
				4F8B67781C77D8EC000E0DC5 /* Debug */,
				4F8B67791C77D8EC000E0DC5 /* Release */,
			);
			defaultConfigurationIsVisible = 0;
			defaultConfigurationName = Release;
		};
		4F8B677A1C77D8EC000E0DC5 /* Build configuration list for PBXNativeTarget "VaquitaTests" */ = {
			isa = XCConfigurationList;
			buildConfigurations = (
				4F8B677B1C77D8EC000E0DC5 /* Debug */,
				4F8B677C1C77D8EC000E0DC5 /* Release */,
			);
			defaultConfigurationIsVisible = 0;
			defaultConfigurationName = Release;
		};
/* End XCConfigurationList section */
	};
	rootObject = 4F8B675A1C77D8EC000E0DC5 /* Project object */;
}
